
Microsoft Visual Studio Solution File, Format Version 12.00
# Visual Studio 15
VisualStudioVersion = 15.0.28307.271
MinimumVisualStudioVersion = 10.0.40219.1
Project("{8BC9CEB8-8B4A-11D0-8D11-00A0C91BC942}") = "Ships game", "Ships game\Ships game.vcxproj", "{989FE56D-D83A-4EAC-B673-FB8FBFB49F65}"
EndProject
Global
	GlobalSection(SolutionConfigurationPlatforms) = preSolution
		Debug|x64 = Debug|x64
		Debug|x86 = Debug|x86
		Release|x64 = Release|x64
		Release|x86 = Release|x86
	EndGlobalSection
	GlobalSection(ProjectConfigurationPlatforms) = postSolution
		{989FE56D-D83A-4EAC-B673-FB8FBFB49F65}.Debug|x64.ActiveCfg = Debug|x64
		{989FE56D-D83A-4EAC-B673-FB8FBFB49F65}.Debug|x64.Build.0 = Debug|x64
		{989FE56D-D83A-4EAC-B673-FB8FBFB49F65}.Debug|x86.ActiveCfg = Debug|Win32
		{989FE56D-D83A-4EAC-B673-FB8FBFB49F65}.Debug|x86.Build.0 = Debug|Win32
		{989FE56D-D83A-4EAC-B673-FB8FBFB49F65}.Release|x64.ActiveCfg = Release|x64
		{989FE56D-D83A-4EAC-B673-FB8FBFB49F65}.Release|x64.Build.0 = Release|x64
		{989FE56D-D83A-4EAC-B673-FB8FBFB49F65}.Release|x86.ActiveCfg = Release|Win32
		{989FE56D-D83A-4EAC-B673-FB8FBFB49F65}.Release|x86.Build.0 = Release|Win32
	EndGlobalSection
	GlobalSection(SolutionProperties) = preSolution
		HideSolutionNode = FALSE
	EndGlobalSection
	GlobalSection(ExtensibilityGlobals) = postSolution
		SolutionGuid = {297F7F40-D345-41B4-86B5-1D21D474CE84}
	EndGlobalSection
EndGlobal
